
Microsoft Visual Studio Solution File, Format Version 12.00
# Visual Studio Version 17
VisualStudioVersion = 17.5.002.0
MinimumVisualStudioVersion = 10.0.40219.1
Project("{9A19103F-16F7-4668-BE54-9A1E7A4F7556}") = "asalSayı", "asalSayı.csproj", "{E4792FC8-80AA-430F-A388-8EFF9C0D107C}"
EndProject
Global
	GlobalSection(SolutionConfigurationPlatforms) = preSolution
		Debug|Any CPU = Debug|Any CPU
		Release|Any CPU = Release|Any CPU
	EndGlobalSection
	GlobalSection(ProjectConfigurationPlatforms) = postSolution
		{E4792FC8-80AA-430F-A388-8EFF9C0D107C}.Debug|Any CPU.ActiveCfg = Debug|Any CPU
		{E4792FC8-80AA-430F-A388-8EFF9C0D107C}.Debug|Any CPU.Build.0 = Debug|Any CPU
		{E4792FC8-80AA-430F-A388-8EFF9C0D107C}.Release|Any CPU.ActiveCfg = Release|Any CPU
		{E4792FC8-80AA-430F-A388-8EFF9C0D107C}.Release|Any CPU.Build.0 = Release|Any CPU
	EndGlobalSection
	GlobalSection(SolutionProperties) = preSolution
		HideSolutionNode = FALSE
	EndGlobalSection
	GlobalSection(ExtensibilityGlobals) = postSolution
		SolutionGuid = {1B0C22C3-1B7D-4A43-81C3-A73953B3B074}
	EndGlobalSection
EndGlobal
